
Microsoft Visual Studio Solution File, Format Version 12.00
# Visual Studio Version 17
VisualStudioVersion = 17.14.36511.14 d17.14
MinimumVisualStudioVersion = 10.0.40219.1
Project("{8BC9CEB8-8B4A-11D0-8D11-00A0C91BC942}") = "Lab_07_03_01", "Lab_07_03_01\Lab_07_03_01.vcxproj", "{8CD56610-25F8-4A75-B237-5CA3B4507C95}"
EndProject
Project("{8BC9CEB8-8B4A-11D0-8D11-00A0C91BC942}") = "UnitTest1", "UnitTest1\UnitTest1.vcxproj", "{5768658D-5753-57BE-9F55-89088097DC31}"
EndProject
Global
	GlobalSection(SolutionConfigurationPlatforms) = preSolution
		Debug|x64 = Debug|x64
		Debug|x86 = Debug|x86
		Release|x64 = Release|x64
		Release|x86 = Release|x86
	EndGlobalSection
	GlobalSection(ProjectConfigurationPlatforms) = postSolution
		{8CD56610-25F8-4A75-B237-5CA3B4507C95}.Debug|x64.ActiveCfg = Debug|x64
		{8CD56610-25F8-4A75-B237-5CA3B4507C95}.Debug|x64.Build.0 = Debug|x64
		{8CD56610-25F8-4A75-B237-5CA3B4507C95}.Debug|x86.ActiveCfg = Debug|Win32
		{8CD56610-25F8-4A75-B237-5CA3B4507C95}.Debug|x86.Build.0 = Debug|Win32
		{8CD56610-25F8-4A75-B237-5CA3B4507C95}.Release|x64.ActiveCfg = Release|x64
		{8CD56610-25F8-4A75-B237-5CA3B4507C95}.Release|x64.Build.0 = Release|x64
		{8CD56610-25F8-4A75-B237-5CA3B4507C95}.Release|x86.ActiveCfg = Release|Win32
		{8CD56610-25F8-4A75-B237-5CA3B4507C95}.Release|x86.Build.0 = Release|Win32
		{5768658D-5753-57BE-9F55-89088097DC31}.Debug|x64.ActiveCfg = Debug|x64
		{5768658D-5753-57BE-9F55-89088097DC31}.Debug|x64.Build.0 = Debug|x64
		{5768658D-5753-57BE-9F55-89088097DC31}.Debug|x86.ActiveCfg = Debug|Win32
		{5768658D-5753-57BE-9F55-89088097DC31}.Debug|x86.Build.0 = Debug|Win32
		{5768658D-5753-57BE-9F55-89088097DC31}.Release|x64.ActiveCfg = Release|x64
		{5768658D-5753-57BE-9F55-89088097DC31}.Release|x64.Build.0 = Release|x64
		{5768658D-5753-57BE-9F55-89088097DC31}.Release|x86.ActiveCfg = Release|Win32
		{5768658D-5753-57BE-9F55-89088097DC31}.Release|x86.Build.0 = Release|Win32
	EndGlobalSection
	GlobalSection(SolutionProperties) = preSolution
		HideSolutionNode = FALSE
	EndGlobalSection
	GlobalSection(ExtensibilityGlobals) = postSolution
		SolutionGuid = {D5D90457-41DB-45E1-AEF4-58FADADF2202}
	EndGlobalSection
EndGlobal
